
Microsoft Visual Studio Solution File, Format Version 12.00
# Visual Studio 2013
VisualStudioVersion = 12.0.40629.0
MinimumVisualStudioVersion = 10.0.40219.1
Project("{2150E333-8FDC-42A3-9474-1A3956D46DE8}") = "ResumeApp", "ResumeApp", "{ADF2604D-7A37-4A63-BF8F-2FA981BA84F8}"
EndProject
Project("{FAE04EC0-301F-11D3-BF4B-00C04F79EFBC}") = "Resume.Test", "Resume.Test\Resume.Test.csproj", "{15931D35-ECC2-400A-9E6A-30C714746A5C}"
EndProject
Project("{FAE04EC0-301F-11D3-BF4B-00C04F79EFBC}") = "Resume.BusinessLogic", "Resume.BusinessLogic\Resume.BusinessLogic.csproj", "{EAE09B02-2AD6-4599-BE3F-E7D8A2BA1502}"
EndProject
Project("{FAE04EC0-301F-11D3-BF4B-00C04F79EFBC}") = "Resume.DataAccess", "Resume.DataAccess\Resume.DataAccess.csproj", "{EBE912E0-E710-4BBA-9F46-BF4AA4533834}"
EndProject
Global
	GlobalSection(SolutionConfigurationPlatforms) = preSolution
		Debug|Any CPU = Debug|Any CPU
		Release|Any CPU = Release|Any CPU
	EndGlobalSection
	GlobalSection(ProjectConfigurationPlatforms) = postSolution
		{15931D35-ECC2-400A-9E6A-30C714746A5C}.Debug|Any CPU.ActiveCfg = Debug|Any CPU
		{15931D35-ECC2-400A-9E6A-30C714746A5C}.Debug|Any CPU.Build.0 = Debug|Any CPU
		{15931D35-ECC2-400A-9E6A-30C714746A5C}.Release|Any CPU.ActiveCfg = Release|Any CPU
		{15931D35-ECC2-400A-9E6A-30C714746A5C}.Release|Any CPU.Build.0 = Release|Any CPU
		{EAE09B02-2AD6-4599-BE3F-E7D8A2BA1502}.Debug|Any CPU.ActiveCfg = Debug|Any CPU
		{EAE09B02-2AD6-4599-BE3F-E7D8A2BA1502}.Debug|Any CPU.Build.0 = Debug|Any CPU
		{EAE09B02-2AD6-4599-BE3F-E7D8A2BA1502}.Release|Any CPU.ActiveCfg = Release|Any CPU
		{EAE09B02-2AD6-4599-BE3F-E7D8A2BA1502}.Release|Any CPU.Build.0 = Release|Any CPU
		{EBE912E0-E710-4BBA-9F46-BF4AA4533834}.Debug|Any CPU.ActiveCfg = Debug|Any CPU
		{EBE912E0-E710-4BBA-9F46-BF4AA4533834}.Debug|Any CPU.Build.0 = Debug|Any CPU
		{EBE912E0-E710-4BBA-9F46-BF4AA4533834}.Release|Any CPU.ActiveCfg = Release|Any CPU
		{EBE912E0-E710-4BBA-9F46-BF4AA4533834}.Release|Any CPU.Build.0 = Release|Any CPU
	EndGlobalSection
	GlobalSection(SolutionProperties) = preSolution
		HideSolutionNode = FALSE
	EndGlobalSection
	GlobalSection(NestedProjects) = preSolution
		{15931D35-ECC2-400A-9E6A-30C714746A5C} = {ADF2604D-7A37-4A63-BF8F-2FA981BA84F8}
		{EAE09B02-2AD6-4599-BE3F-E7D8A2BA1502} = {ADF2604D-7A37-4A63-BF8F-2FA981BA84F8}
		{EBE912E0-E710-4BBA-9F46-BF4AA4533834} = {ADF2604D-7A37-4A63-BF8F-2FA981BA84F8}
	EndGlobalSection
EndGlobal
